
Microsoft Visual Studio Solution File, Format Version 12.00
# Visual Studio Version 17
VisualStudioVersion = 17.0.32014.148
MinimumVisualStudioVersion = 10.0.40219.1
Project("{FAE04EC0-301F-11D3-BF4B-00C04F79EFBC}") = "captive", "captive\captive.csproj", "{3625C5CA-2366-49D3-B35B-B2788A9B108B}"
EndProject
Global
	GlobalSection(SolutionConfigurationPlatforms) = preSolution
		Debug|Any CPU = Debug|Any CPU
		Release|Any CPU = Release|Any CPU
	EndGlobalSection
	GlobalSection(ProjectConfigurationPlatforms) = postSolution
		{3625C5CA-2366-49D3-B35B-B2788A9B108B}.Debug|Any CPU.ActiveCfg = Debug|Any CPU
		{3625C5CA-2366-49D3-B35B-B2788A9B108B}.Debug|Any CPU.Build.0 = Debug|Any CPU
		{3625C5CA-2366-49D3-B35B-B2788A9B108B}.Release|Any CPU.ActiveCfg = Release|Any CPU
		{3625C5CA-2366-49D3-B35B-B2788A9B108B}.Release|Any CPU.Build.0 = Release|Any CPU
	EndGlobalSection
	GlobalSection(SolutionProperties) = preSolution
		HideSolutionNode = FALSE
	EndGlobalSection
	GlobalSection(ExtensibilityGlobals) = postSolution
		SolutionGuid = {FFE3ADA5-2C54-4E9B-BB9F-25EFAB46EDD8}
	EndGlobalSection
EndGlobal
